
Microsoft Visual Studio Solution File, Format Version 12.00
# Visual Studio Version 17
VisualStudioVersion = 17.2.32616.157
MinimumVisualStudioVersion = 10.0.40219.1
Project("{FAE04EC0-301F-11D3-BF4B-00C04F79EFBC}") = "PTMK Test Console App", "PTMK Test Console App.csproj", "{AB4FDD46-7B4A-4F2D-9F21-B09A3D103A1E}"
EndProject
Global
	GlobalSection(SolutionConfigurationPlatforms) = preSolution
		Debug|Any CPU = Debug|Any CPU
		Release|Any CPU = Release|Any CPU
	EndGlobalSection
	GlobalSection(ProjectConfigurationPlatforms) = postSolution
		{AB4FDD46-7B4A-4F2D-9F21-B09A3D103A1E}.Debug|Any CPU.ActiveCfg = Debug|Any CPU
		{AB4FDD46-7B4A-4F2D-9F21-B09A3D103A1E}.Debug|Any CPU.Build.0 = Debug|Any CPU
		{AB4FDD46-7B4A-4F2D-9F21-B09A3D103A1E}.Release|Any CPU.ActiveCfg = Release|Any CPU
		{AB4FDD46-7B4A-4F2D-9F21-B09A3D103A1E}.Release|Any CPU.Build.0 = Release|Any CPU
	EndGlobalSection
	GlobalSection(SolutionProperties) = preSolution
		HideSolutionNode = FALSE
	EndGlobalSection
	GlobalSection(ExtensibilityGlobals) = postSolution
		SolutionGuid = {1C2B3802-F778-4631-8AFF-7C4970C05687}
	EndGlobalSection
EndGlobal
